
Microsoft Visual Studio Solution File, Format Version 12.00
# Visual Studio 14
VisualStudioVersion = 14.0.25420.1
MinimumVisualStudioVersion = 10.0.40219.1
Project("{2150E333-8FDC-42A3-9474-1A3956D46DE8}") = "Project", "Project", "{4BE70373-E289-477F-B48B-272ACF1C4718}"
EndProject
Project("{2150E333-8FDC-42A3-9474-1A3956D46DE8}") = "Tests", "Tests", "{CC33426F-3FC7-40F2-A04D-DA9775F95B9B}"
EndProject
Project("{2150E333-8FDC-42A3-9474-1A3956D46DE8}") = "01. Presentation", "01. Presentation", "{27F7C6EC-7162-4BF3-839B-CBA5E1E0B3B8}"
EndProject
Project("{2150E333-8FDC-42A3-9474-1A3956D46DE8}") = "02. Application", "02. Application", "{1521B004-40A3-4E51-93BF-24C9D8CEA7B0}"
EndProject
Project("{2150E333-8FDC-42A3-9474-1A3956D46DE8}") = "03. Business", "03. Business", "{C4F3F53F-9622-461D-8A96-D00FA18F2CBB}"
EndProject
Project("{2150E333-8FDC-42A3-9474-1A3956D46DE8}") = "04. Infrastructure", "04. Infrastructure", "{FDBE1897-327C-4A05-957A-C9B0A357E1EA}"
EndProject
Project("{FAE04EC0-301F-11D3-BF4B-00C04F79EFBC}") = "AppUsage.Infrastructure.Data", "AppUsage.Infrastructure.Data\AppUsage.Infrastructure.Data.csproj", "{26D5668D-0741-4E78-BEF7-5AE071621CA3}"
EndProject
Project("{FAE04EC0-301F-11D3-BF4B-00C04F79EFBC}") = "AppUsage.Model", "AppUsage.Model\AppUsage.Model.csproj", "{A1F25D71-037B-44E0-AC23-304E38B89B22}"
EndProject
Project("{FAE04EC0-301F-11D3-BF4B-00C04F79EFBC}") = "AppUsage.Business.Service", "AppUsage.Business.Service\AppUsage.Business.Service.csproj", "{0B76F13D-F19F-43CE-A4B4-B7D3853F4C11}"
EndProject
Project("{FAE04EC0-301F-11D3-BF4B-00C04F79EFBC}") = "AppUsage.Business.Contract", "AppUsage.Business.Contract\AppUsage.Business.Contract.csproj", "{2E8B4085-75ED-4996-A1F4-2899CEF3F79E}"
EndProject
Project("{FAE04EC0-301F-11D3-BF4B-00C04F79EFBC}") = "AppUsage.Infrastructure", "AppUsage.Infrastructure\AppUsage.Infrastructure.csproj", "{D07CECB2-3583-4EC1-B3D0-DDBD0FB3FF10}"
EndProject
Project("{FAE04EC0-301F-11D3-BF4B-00C04F79EFBC}") = "AppUsage.Application.Contract", "AppUsage.Application.Contract\AppUsage.Application.Contract.csproj", "{98788021-3162-4469-B559-0AF7B02CB28C}"
EndProject
Project("{FAE04EC0-301F-11D3-BF4B-00C04F79EFBC}") = "AppUsage.Application.Service", "AppUsage.Application.Service\AppUsage.Application.Service.csproj", "{A7EC2349-9D42-48AB-BCEF-AAD8BEE7B3DA}"
EndProject
Project("{FAE04EC0-301F-11D3-BF4B-00C04F79EFBC}") = "AppUsage.API", "AppUsage.API\AppUsage.API.csproj", "{8A0CFD4A-EADA-4EEE-B24E-DCDBA11156E9}"
EndProject
Project("{8BB2217D-0F2D-49D1-97BC-3654ED321F3B}") = "AppUsage.Web", "AppUsage.Web\AppUsage.Web.xproj", "{F9E782A7-FDA9-4E64-8AF1-3E5C94F736A1}"
EndProject
Global
	GlobalSection(SolutionConfigurationPlatforms) = preSolution
		Debug|Any CPU = Debug|Any CPU
		Release|Any CPU = Release|Any CPU
	EndGlobalSection
	GlobalSection(ProjectConfigurationPlatforms) = postSolution
		{26D5668D-0741-4E78-BEF7-5AE071621CA3}.Debug|Any CPU.ActiveCfg = Debug|Any CPU
		{26D5668D-0741-4E78-BEF7-5AE071621CA3}.Debug|Any CPU.Build.0 = Debug|Any CPU
		{26D5668D-0741-4E78-BEF7-5AE071621CA3}.Release|Any CPU.ActiveCfg = Release|Any CPU
		{26D5668D-0741-4E78-BEF7-5AE071621CA3}.Release|Any CPU.Build.0 = Release|Any CPU
		{A1F25D71-037B-44E0-AC23-304E38B89B22}.Debug|Any CPU.ActiveCfg = Debug|Any CPU
		{A1F25D71-037B-44E0-AC23-304E38B89B22}.Debug|Any CPU.Build.0 = Debug|Any CPU
		{A1F25D71-037B-44E0-AC23-304E38B89B22}.Release|Any CPU.ActiveCfg = Release|Any CPU
		{A1F25D71-037B-44E0-AC23-304E38B89B22}.Release|Any CPU.Build.0 = Release|Any CPU
		{0B76F13D-F19F-43CE-A4B4-B7D3853F4C11}.Debug|Any CPU.ActiveCfg = Debug|Any CPU
		{0B76F13D-F19F-43CE-A4B4-B7D3853F4C11}.Debug|Any CPU.Build.0 = Debug|Any CPU
		{0B76F13D-F19F-43CE-A4B4-B7D3853F4C11}.Release|Any CPU.ActiveCfg = Release|Any CPU
		{0B76F13D-F19F-43CE-A4B4-B7D3853F4C11}.Release|Any CPU.Build.0 = Release|Any CPU
		{2E8B4085-75ED-4996-A1F4-2899CEF3F79E}.Debug|Any CPU.ActiveCfg = Debug|Any CPU
		{2E8B4085-75ED-4996-A1F4-2899CEF3F79E}.Debug|Any CPU.Build.0 = Debug|Any CPU
		{2E8B4085-75ED-4996-A1F4-2899CEF3F79E}.Release|Any CPU.ActiveCfg = Release|Any CPU
		{2E8B4085-75ED-4996-A1F4-2899CEF3F79E}.Release|Any CPU.Build.0 = Release|Any CPU
		{D07CECB2-3583-4EC1-B3D0-DDBD0FB3FF10}.Debug|Any CPU.ActiveCfg = Debug|Any CPU
		{D07CECB2-3583-4EC1-B3D0-DDBD0FB3FF10}.Debug|Any CPU.Build.0 = Debug|Any CPU
		{D07CECB2-3583-4EC1-B3D0-DDBD0FB3FF10}.Release|Any CPU.ActiveCfg = Release|Any CPU
		{D07CECB2-3583-4EC1-B3D0-DDBD0FB3FF10}.Release|Any CPU.Build.0 = Release|Any CPU
		{98788021-3162-4469-B559-0AF7B02CB28C}.Debug|Any CPU.ActiveCfg = Debug|Any CPU
		{98788021-3162-4469-B559-0AF7B02CB28C}.Debug|Any CPU.Build.0 = Debug|Any CPU
		{98788021-3162-4469-B559-0AF7B02CB28C}.Release|Any CPU.ActiveCfg = Release|Any CPU
		{98788021-3162-4469-B559-0AF7B02CB28C}.Release|Any CPU.Build.0 = Release|Any CPU
		{A7EC2349-9D42-48AB-BCEF-AAD8BEE7B3DA}.Debug|Any CPU.ActiveCfg = Debug|Any CPU
		{A7EC2349-9D42-48AB-BCEF-AAD8BEE7B3DA}.Debug|Any CPU.Build.0 = Debug|Any CPU
		{A7EC2349-9D42-48AB-BCEF-AAD8BEE7B3DA}.Release|Any CPU.ActiveCfg = Release|Any CPU
		{A7EC2349-9D42-48AB-BCEF-AAD8BEE7B3DA}.Release|Any CPU.Build.0 = Release|Any CPU
		{8A0CFD4A-EADA-4EEE-B24E-DCDBA11156E9}.Debug|Any CPU.ActiveCfg = Debug|Any CPU
		{8A0CFD4A-EADA-4EEE-B24E-DCDBA11156E9}.Debug|Any CPU.Build.0 = Debug|Any CPU
		{8A0CFD4A-EADA-4EEE-B24E-DCDBA11156E9}.Release|Any CPU.ActiveCfg = Release|Any CPU
		{8A0CFD4A-EADA-4EEE-B24E-DCDBA11156E9}.Release|Any CPU.Build.0 = Release|Any CPU
		{F9E782A7-FDA9-4E64-8AF1-3E5C94F736A1}.Debug|Any CPU.ActiveCfg = Debug|Any CPU
		{F9E782A7-FDA9-4E64-8AF1-3E5C94F736A1}.Debug|Any CPU.Build.0 = Debug|Any CPU
		{F9E782A7-FDA9-4E64-8AF1-3E5C94F736A1}.Release|Any CPU.ActiveCfg = Release|Any CPU
		{F9E782A7-FDA9-4E64-8AF1-3E5C94F736A1}.Release|Any CPU.Build.0 = Release|Any CPU
	EndGlobalSection
	GlobalSection(SolutionProperties) = preSolution
		HideSolutionNode = FALSE
	EndGlobalSection
	GlobalSection(NestedProjects) = preSolution
		{27F7C6EC-7162-4BF3-839B-CBA5E1E0B3B8} = {4BE70373-E289-477F-B48B-272ACF1C4718}
		{1521B004-40A3-4E51-93BF-24C9D8CEA7B0} = {4BE70373-E289-477F-B48B-272ACF1C4718}
		{C4F3F53F-9622-461D-8A96-D00FA18F2CBB} = {4BE70373-E289-477F-B48B-272ACF1C4718}
		{FDBE1897-327C-4A05-957A-C9B0A357E1EA} = {4BE70373-E289-477F-B48B-272ACF1C4718}
		{26D5668D-0741-4E78-BEF7-5AE071621CA3} = {FDBE1897-327C-4A05-957A-C9B0A357E1EA}
		{A1F25D71-037B-44E0-AC23-304E38B89B22} = {C4F3F53F-9622-461D-8A96-D00FA18F2CBB}
		{0B76F13D-F19F-43CE-A4B4-B7D3853F4C11} = {C4F3F53F-9622-461D-8A96-D00FA18F2CBB}
		{2E8B4085-75ED-4996-A1F4-2899CEF3F79E} = {C4F3F53F-9622-461D-8A96-D00FA18F2CBB}
		{D07CECB2-3583-4EC1-B3D0-DDBD0FB3FF10} = {FDBE1897-327C-4A05-957A-C9B0A357E1EA}
		{98788021-3162-4469-B559-0AF7B02CB28C} = {1521B004-40A3-4E51-93BF-24C9D8CEA7B0}
		{A7EC2349-9D42-48AB-BCEF-AAD8BEE7B3DA} = {1521B004-40A3-4E51-93BF-24C9D8CEA7B0}
		{8A0CFD4A-EADA-4EEE-B24E-DCDBA11156E9} = {27F7C6EC-7162-4BF3-839B-CBA5E1E0B3B8}
		{F9E782A7-FDA9-4E64-8AF1-3E5C94F736A1} = {27F7C6EC-7162-4BF3-839B-CBA5E1E0B3B8}
	EndGlobalSection
EndGlobal
